{
    "_meta": {
        "hash": {
            "sha256": "565718236a73bbd35f2e49be76499cf07a9ea64c2c6b587a5ac553028a870a4b"
        },
        "pipfile-spec": 6,
        "requires": {},
        "sources": [
            {
                "name": "pypi",
                "url": "https://pypi.python.org/simple",
                "verify_ssl": true
            }
        ]
    },
    "default": {
        "altuscli": {
            "hashes": [
                "sha256:db0d0fb39daecd4ea85aec9b686feb4492d213b88cf4a11d5ef3388279b7aab3"
            ],
            "index": "pypi",
            "version": "==1.6.3"
        },
        "asn1crypto": {
            "hashes": [
                "sha256:7bb1cc02a5620b3d72da4ba070bda2f44f0e61b44dee910a302eddff802b6fb5",
                "sha256:87620880a477123e01177a1f73d0f327210b43a3cdbd714efcd2fa49a8d7b384"
            ],
            "version": "==1.2.0"
        },
        "certifi": {
            "hashes": [
                "sha256:e4f3620cfea4f83eedc95b24abd9cd56f3c4b146dd0177e83a21b4eb49e21e50",
                "sha256:fd7c7c74727ddcf00e9acd26bba8da604ffec95bf1c2144e67aff7a8b50e6cef"
            ],
            "version": "==2019.9.11"
        },
        "chardet": {
            "hashes": [
                "sha256:84ab92ed1c4d4f16916e05906b6b75a6c0fb5db821cc65e70cbd64a3e2a5eaae",
                "sha256:fc323ffcaeaed0e0a02bf4d117757b98aed530d9ed4531e3e15460124c106691"
            ],
            "version": "==3.0.4"
        },
        "click": {
            "hashes": [
                "sha256:2335065e6395b9e67ca716de5f7526736bfa6ceead690adf616d925bdc622b13",
                "sha256:5b94b49521f6456670fdb30cd82a4eca9412788a93fa6dd6df72c94d5a8ff2d7"
            ],
            "version": "==7.0"
        },
        "colorama": {
            "hashes": [
                "sha256:eb21f2ba718fbf357afdfdf6f641ab393901c7ca8d9f37edd0bee4806ffa269c"
            ],
            "version": "==0.3.3"
        },
        "decorator": {
            "hashes": [
                "sha256:86156361c50488b84a3f148056ea716ca587df2f0de1d34750d35c21312725de",
                "sha256:f069f3a01830ca754ba5258fde2278454a0b5b79e0d7f5c13b3b97e57d4acff6"
            ],
            "version": "==4.4.0"
        },
        "docutils": {
            "hashes": [
                "sha256:6c4f696463b79f1fb8ba0c594b63840ebd41f059e92b31957c46b74a4599b6d0",
                "sha256:9e4d7ecfc600058e07ba661411a2b7de2fd0fafa17d1a7f7361cd47b1175c827",
                "sha256:a2aeea129088da402665e92e0b25b04b073c04b2dce4ab65caaa38b7ce2e1a99"
            ],
            "version": "==0.15.2"
        },
        "future": {
            "hashes": [
                "sha256:858e38522e8fd0d3ce8f0c1feaf0603358e366d5403209674c7b617fa0c24093"
            ],
            "version": "==0.18.1"
        },
        "geocoder": {
            "hashes": [
                "sha256:a733e1dfbce3f4e1a526cac03aadcedb8ed1239cf55bd7f3a23c60075121a834",
                "sha256:c9925374c961577d0aee403b09e6f8ea1971d913f011f00ca70c76beaf7a77e7"
            ],
            "index": "pypi",
            "version": "==1.38.1"
        },
        "gitdb2": {
            "hashes": [
                "sha256:1b6df1433567a51a4a9c1a5a0de977aa351a405cc56d7d35f3388bad1f630350",
                "sha256:96bbb507d765a7f51eb802554a9cfe194a174582f772e0d89f4e87288c288b7b"
            ],
            "version": "==2.0.6"
        },
        "gitpython": {
            "hashes": [
                "sha256:631263cc670aa56ce3d3c414cf0fe2e840f2e913514b138ea28d88a477bbcd21",
                "sha256:6e97b9f0954807f30c2dd8e3165731ed6c477a1b365f194b69d81d7940a08332"
            ],
            "version": "==3.0.3"
        },
        "graphviz": {
            "hashes": [
                "sha256:0e1744a45b0d707bc44f99c7b8e5f25dc22cf96b6aaf2432ac308ed9822a9cb6",
                "sha256:d311be4fddfe832a56986ac5e1d6e8715d7fcb0208560da79d1bb0f72abef41f"
            ],
            "index": "pypi",
            "version": "==0.10.1"
        },
        "idna": {
            "hashes": [
                "sha256:c357b3f628cf53ae2c4c05627ecc484553142ca23264e593d327bcde5e9c3407",
                "sha256:ea8b7f6188e6fa117537c3df7da9fc686d485087abf6ac197f9c46432f7e4a3c"
            ],
            "version": "==2.8"
        },
        "neo4j": {
            "hashes": [
                "sha256:fc4341d5fa502e37d256d941ef8f74e04912bea800001564abd83f0694779073"
            ],
            "index": "pypi",
            "version": "==1.7.2"
        },
        "neobolt": {
            "hashes": [
                "sha256:3324f2b319e84acb82e37a81ef75f3f7ce71c149387daf900589377db48bed2a"
            ],
            "index": "pypi",
            "version": "==1.7.4"
        },
        "neotime": {
            "hashes": [
                "sha256:4e0477ba0f24e004de2fa79a3236de2bd941f20de0b5db8d976c52a86d7363eb"
            ],
            "version": "==1.7.4"
        },
        "numpy": {
            "hashes": [
                "sha256:0b0dd8f47fb177d00fa6ef2d58783c4f41ad3126b139c91dd2f7c4b3fdf5e9a5",
                "sha256:25ffe71f96878e1da7e014467e19e7db90ae7d4e12affbc73101bcf61785214e",
                "sha256:26efd7f7d755e6ca966a5c0ac5a930a87dbbaab1c51716ac26a38f42ecc9bc4b",
                "sha256:28b1180c758abf34a5c3fea76fcee66a87def1656724c42bb14a6f9717a5bdf7",
                "sha256:2e418f0a59473dac424f888dd57e85f77502a593b207809211c76e5396ae4f5c",
                "sha256:30c84e3a62cfcb9e3066f25226e131451312a044f1fe2040e69ce792cb7de418",
                "sha256:4650d94bb9c947151737ee022b934b7d9a845a7c76e476f3e460f09a0c8c6f39",
                "sha256:4dd830a11e8724c9c9379feed1d1be43113f8bcce55f47ea7186d3946769ce26",
                "sha256:4f2a2b279efde194877aff1f76cf61c68e840db242a5c7169f1ff0fd59a2b1e2",
                "sha256:62d22566b3e3428dfc9ec972014c38ed9a4db4f8969c78f5414012ccd80a149e",
                "sha256:669795516d62f38845c7033679c648903200980d68935baaa17ac5c7ae03ae0c",
                "sha256:75fcd60d682db3e1f8fbe2b8b0c6761937ad56d01c1dc73edf4ef2748d5b6bc4",
                "sha256:9395b0a41e8b7e9a284e3be7060db9d14ad80273841c952c83a5afc241d2bd98",
                "sha256:9e37c35fc4e9410093b04a77d11a34c64bf658565e30df7cbe882056088a91c1",
                "sha256:a0678793096205a4d784bd99f32803ba8100f639cf3b932dc63b21621390ea7e",
                "sha256:b46554ad4dafb2927f88de5a1d207398c5385edbb5c84d30b3ef187c4a3894d8",
                "sha256:c867eeccd934920a800f65c6068acdd6b87e80d45cd8c8beefff783b23cdc462",
                "sha256:dd0667f5be56fb1b570154c2c0516a528e02d50da121bbbb2cbb0b6f87f59bc2",
                "sha256:de2b1c20494bdf47f0160bd88ed05f5e48ae5dc336b8de7cfade71abcc95c0b9",
                "sha256:f1df7b2b7740dd777571c732f98adb5aad5450aee32772f1b39249c8a50386f6",
                "sha256:ffca69e29079f7880c5392bf675eb8b4146479d976ae1924d01cd92b04cccbcc"
            ],
            "version": "==1.17.3"
        },
        "pandas": {
            "hashes": [
                "sha256:02c830f951f3dc8c3164e2639a8961881390f7492f71a7835c2330f54539ad57",
                "sha256:179015834c72a577486337394493cc2969feee9a04a2ea09f50c724e4b52ab42",
                "sha256:3894960d43c64cfea5142ac783b101362f5008ee92e962392156a3f8d1558995",
                "sha256:435821cb2501eabbcee7e83614bd710940dc0cf28b5afbc4bdb816c31cec71af",
                "sha256:8294dea9aa1811f93558702856e3b68dd1dfd7e9dbc8e0865918a07ee0f21c2c",
                "sha256:844e745ab27a9a01c86925fe776f9d2e09575e65f0bf8eba5090edddd655dffc",
                "sha256:a08d49f5fa2a2243262fe5581cb89f6c0c7cc525b8d6411719ab9400a9dc4a82",
                "sha256:a435c251246075337eb9fdc4160fd15c8a87cc0679d8d61fb5255d8d5a12f044",
                "sha256:a799f03c0ec6d8687f425d7d6c075e8055a9a808f1ba87604d91f20507631d8d",
                "sha256:aea72ce5b3a016b578cc05c04a2f68d9cafacf5d784b6fe832e66381cb62c719",
                "sha256:c145e94c6da2af7eaf1fd827293ac1090a61a9b80150bebe99f8966a02378db9",
                "sha256:c8a7b470c88c779301b73b23cabdbbd94b83b93040b2ccffa409e06df23831c0",
                "sha256:c9e31b36abbd7b94c547d9047f13e1546e3ba967044cf4f9718575fcb7b81bb6",
                "sha256:d960b7a03c33c328c723cfc2f8902a6291645f4efa0a5c1d4c5fa008cdc1ea77",
                "sha256:da21fae4c173781b012217c9444f13c67449957a4d45184a9718268732c09564",
                "sha256:db26c0fea0bd7d33c356da98bafd2c0dfb8f338e45e2824ff8f4f3e61b5c5f25",
                "sha256:dc296c3f16ec620cfb4daf0f672e3c90f3920ece8261b2760cd0ebd9cd4daa55",
                "sha256:e8da67cb2e9333ec30d53cfb96e27a4865d1648688e5471699070d35d8ab38cf",
                "sha256:fb4f047a63f91f22aade4438aaf790400b96644e802daab4293e9b799802f93f",
                "sha256:fef9939176cba0c2526ebeefffb8b9807543dc0954877b7226f751ec1294a869"
            ],
            "index": "pypi",
            "version": "==0.24.1"
        },
        "pure25519": {
            "hashes": [
                "sha256:8982b990294efc7bef12d8e89e3e3d0a8249ef7e21adf567660941fce255033d"
            ],
            "version": "==0.0.1"
        },
        "pyasn1": {
            "hashes": [
                "sha256:62cdade8b5530f0b185e09855dd422bc05c0bbff6b72ff61381c09dac7befd8c",
                "sha256:a9495356ca1d66ed197a0f72b41eb1823cf7ea8b5bd07191673e8147aecf8604"
            ],
            "version": "==0.4.7"
        },
        "python-dateutil": {
            "hashes": [
                "sha256:7e6584c74aeed623791615e26efd690f29817a27c73085b78e4bad02493df2fb",
                "sha256:c89805f6f4d64db21ed966fda138f8a5ed7a4fdbc1a8ee329ce1b74e3c74da9e"
            ],
            "version": "==2.8.0"
        },
        "pytz": {
            "hashes": [
                "sha256:1c557d7d0e871de1f5ccd5833f60fb2550652da6be2693c1e02300743d21500d",
                "sha256:b02c06db6cf09c12dd25137e563b31700d3b80fcc4ad23abb7a315f2789819be"
            ],
            "version": "==2019.3"
        },
        "pyyaml": {
            "hashes": [
                "sha256:0113bc0ec2ad727182326b61326afa3d1d8280ae1122493553fd6f4397f33df9",
                "sha256:01adf0b6c6f61bd11af6e10ca52b7d4057dd0be0343eb9283c878cf3af56aee4",
                "sha256:5124373960b0b3f4aa7df1707e63e9f109b5263eca5976c66e08b1c552d4eaf8",
                "sha256:5ca4f10adbddae56d824b2c09668e91219bb178a1eee1faa56af6f99f11bf696",
                "sha256:7907be34ffa3c5a32b60b95f4d95ea25361c951383a894fec31be7252b2b6f34",
                "sha256:7ec9b2a4ed5cad025c2278a1e6a19c011c80a3caaac804fd2d329e9cc2c287c9",
                "sha256:87ae4c829bb25b9fe99cf71fbb2140c448f534e24c998cc60f39ae4f94396a73",
                "sha256:9de9919becc9cc2ff03637872a440195ac4241c80536632fffeb6a1e25a74299",
                "sha256:a5a85b10e450c66b49f98846937e8cfca1db3127a9d5d1e31ca45c3d0bef4c5b",
                "sha256:b0997827b4f6a7c286c01c5f60384d218dca4ed7d9efa945c3e1aa623d5709ae",
                "sha256:b631ef96d3222e62861443cc89d6563ba3eeb816eeb96b2629345ab795e53681",
                "sha256:bf47c0607522fdbca6c9e817a6e81b08491de50f3766a7a0e6a5be7905961b41",
                "sha256:f81025eddd0327c7d4cfe9b62cf33190e1e736cc6e97502b3ec425f574b3e7a8"
            ],
            "version": "==5.1.2"
        },
        "ratelim": {
            "hashes": [
                "sha256:826d32177e11f9a12831901c9fda6679fd5bbea3605910820167088f5acbb11d",
                "sha256:e1a7dd39e6b552b7cc7f52169cd66cdb826a1a30198e355d7016012987c9ad08"
            ],
            "version": "==0.1.6"
        },
        "requests": {
            "hashes": [
                "sha256:11e007a8a2aa0323f5a921e9e6a2d7e4e67d9877e85773fba9ba6419025cbeb4",
                "sha256:9cf5292fcd0f598c671cfc1e0d7d1a7f13bb8085e9a590f48c010551dc6c4b31"
            ],
            "version": "==2.22.0"
        },
        "reverse-geocoder": {
            "hashes": [
                "sha256:2a2e781b5f69376d922b78fe8978f1350c84fce0ddb07e02c834ecf98b57c75c"
            ],
            "index": "pypi",
            "version": "==1.5.1"
        },
        "rsa": {
            "hashes": [
                "sha256:14ba45700ff1ec9eeb206a2ce76b32814958a98e372006c8fb76ba820211be66",
                "sha256:1a836406405730121ae9823e19c6e806c62bbad73f890574fff50efa4122c487"
            ],
            "version": "==4.0"
        },
        "scikit-learn": {
            "hashes": [
                "sha256:018f470a7e685767d84ce6fac87af59e064e87ec3cea71eaf12646f9538e293d",
                "sha256:0ae00d570331b8a5c552f721167818b4739a5c855fbc76b11231ccdea2dd26ab",
                "sha256:13079520dd8211967d1871e439b59818d335439672818e9683847091d0e07778",
                "sha256:1c133749a526b33af2b6695d94d2cc43ba212c5aa7bd3a45619335556ced7637",
                "sha256:382e7053567b7b11e862782e3de2940e2141be24e6262aa0b4a9cb7fdd61f85a",
                "sha256:384df81fdba12d21063072f2cf472a7a8425a3d4fa3915faef0a88e94e07b332",
                "sha256:4705073de7bbcc6b9cd2f24dc9189aa8d3935e8621d3e65546c4b7fee9a042bf",
                "sha256:4f829d6c09b997e1d0a998f970cf3ff82cd6796d56148c63c29174367878d490",
                "sha256:51a933224b1b11986d4c7c123e5b28eb69602899d0179e6888b7abf2ffc85265",
                "sha256:63ad98c6512b52aebde9bd806ec1127e13e2a8d42a00ebdf805153819f7c2cad",
                "sha256:67e15514c9df4c5354b3ecc89451f5baa0f1b62c7ed68f4d20febf9c9d9e17a6",
                "sha256:75f0e0e93851b30639baabfc1a4433aabc57eef269d55ee4c6f649fb60686218",
                "sha256:89609708e819342dd5c94617fd53a36187d7d6a80435ddb282f6a60b058dbe77",
                "sha256:8ca274d4e91685e4547af718b6f1e9a9d4912c7a6dcb0c68925de84f81a09d2a",
                "sha256:9987f3d31efc427ebf9926f703e5171552cfb3b6935f880e4f0d3a17b7f91540",
                "sha256:9f3e08dbd3f2f574913faba9b48d3c24a43fcc0eb14a0e962431005434b9cfe6",
                "sha256:a7a403bcea250cac37971058fca0c30b0144737a375f99d3855e5e7a34c43348",
                "sha256:ad7e4e823db1271d344e0c3ce0988b2e0fecc49079eec9c818d866c38b2824bd",
                "sha256:b1e9037a582e650d866324a50d2741724ea5f6c175200bef0b549d014898035a",
                "sha256:b82fbd8843ead2640158b2c0946d354b66f3d49472e6790d70c4ceec35663b3f",
                "sha256:b91c82bfd25145d428de99429de97d7a1c2c2658c212689fe2839b29a5251159",
                "sha256:ba57b73ec7074f60bb85f953296df437784d560553d0cc04b253c43f1846ccad",
                "sha256:c503802a81de18b8b4d40d069f5e363795ee44b1605f38bc104160ca3bfe2c41",
                "sha256:d30e8e0dffbc299533f47044fec26c5087473cb29cf51f1995986ac8354c7b4c",
                "sha256:d89b810bfb0e16a0de7f18773849bdf83dd7fd0614ae5225e5a9214cdb9be245",
                "sha256:e22e1d47def2944ad7a12c09452de085587ec5baad2174683e56a42b6918a76f",
                "sha256:f650ddc023c95681fccd5e297820f35de039e008265040c08188be95b3275a0f",
                "sha256:f7d4b3885ad1a7a6f07719ab6b1790d9892d6d41d973e8d4543a93bb15226fb4"
            ],
            "index": "pypi",
            "version": "==0.20.3"
        },
        "scipy": {
            "hashes": [
                "sha256:0baa64bf42592032f6f6445a07144e355ca876b177f47ad8d0612901c9375bef",
                "sha256:243b04730d7223d2b844bda9500310eecc9eda0cba9ceaf0cde1839f8287dfa8",
                "sha256:2643cfb46d97b7797d1dbdb6f3c23fe3402904e3c90e6facfe6a9b98d808c1b5",
                "sha256:396eb4cdad421f846a1498299474f0a3752921229388f91f60dc3eda55a00488",
                "sha256:3ae3692616975d3c10aca6d574d6b4ff95568768d4525f76222fb60f142075b9",
                "sha256:435d19f80b4dcf67dc090cc04fde2c5c8a70b3372e64f6a9c58c5b806abfa5a8",
                "sha256:46a5e55850cfe02332998b3aef481d33f1efee1960fe6cfee0202c7dd6fc21ab",
                "sha256:75b513c462e58eeca82b22fc00f0d1875a37b12913eee9d979233349fce5c8b2",
                "sha256:7ccfa44a08226825126c4ef0027aa46a38c928a10f0a8a8483c80dd9f9a0ad44",
                "sha256:89dd6a6d329e3f693d1204d5562dd63af0fd7a17854ced17f9cbc37d5b853c8d",
                "sha256:a81da2fe32f4eab8b60d56ad43e44d93d392da228a77e229e59b51508a00299c",
                "sha256:a9d606d11eb2eec7ef893eb825017fbb6eef1e1d0b98a5b7fc11446ebeb2b9b1",
                "sha256:ac37eb652248e2d7cbbfd89619dce5ecfd27d657e714ed049d82f19b162e8d45",
                "sha256:cbc0611699e420774e945f6a4e2830f7ca2b3ee3483fca1aa659100049487dd5",
                "sha256:d02d813ec9958ed63b390ded463163685af6025cb2e9a226ec2c477df90c6957",
                "sha256:dd3b52e00f93fd1c86f2d78243dfb0d02743c94dd1d34ffea10055438e63b99d"
            ],
            "version": "==1.3.1"
        },
        "six": {
            "hashes": [
                "sha256:3350809f0555b11f552448330d0b52d5f24c91a322ea4a15ef22629740f3761c",
                "sha256:d16a0141ec1a18405cd4ce8b4613101da75da0e9a7aec5bdd4fa804d0e0eba73"
            ],
            "version": "==1.12.0"
        },
        "smmap2": {
            "hashes": [
                "sha256:0555a7bf4df71d1ef4218e4807bbf9b201f910174e6e08af2e138d4e517b4dde",
                "sha256:29a9ffa0497e7f2be94ca0ed1ca1aa3cd4cf25a1f6b4f5f87f74b46ed91d609a"
            ],
            "version": "==2.0.5"
        },
        "urllib3": {
            "hashes": [
                "sha256:4c291ca23bbb55c76518905869ef34bdd5f0e46af7afe6861e8375643ffee1a0",
                "sha256:9a247273df709c4fedb38c711e44292304f73f39ab01beda9f6b9fc375669ac3"
            ],
            "index": "pypi",
            "version": "==1.24.2"
        },
        "xgboost": {
            "hashes": [
                "sha256:50619aa6ade391fe0584ff1c9011451cd0c570fcedf94e6d7b3eaa324cb0db31",
                "sha256:f2d51707ec0bc103c92a169ff99a09bb3bd2fa78f90f7c27948ee195e84e4203",
                "sha256:ff5aaa039fb43aae331a916b392994c32696279d9b6b5840cc7c74e06f183a95"
            ],
            "index": "pypi",
            "version": "==0.82"
        }
    },
    "develop": {}
}
